
Microsoft Visual Studio Solution File, Format Version 12.00
# Visual Studio Version 16
VisualStudioVersion = 16.0.28922.388
MinimumVisualStudioVersion = 10.0.40219.1
Project("{FAE04EC0-301F-11D3-BF4B-00C04F79EFBC}") = "RecipeApp", "RecipeApp.csproj", "{4BA1757B-61F8-4D50-B538-A4C765778507}"
EndProject
Global
	GlobalSection(SolutionConfigurationPlatforms) = preSolution
		Debug|Any CPU = Debug|Any CPU
		Release|Any CPU = Release|Any CPU
	EndGlobalSection
	GlobalSection(ProjectConfigurationPlatforms) = postSolution
		{4BA1757B-61F8-4D50-B538-A4C765778507}.Debug|Any CPU.ActiveCfg = Debug|Any CPU
		{4BA1757B-61F8-4D50-B538-A4C765778507}.Debug|Any CPU.Build.0 = Debug|Any CPU
		{4BA1757B-61F8-4D50-B538-A4C765778507}.Release|Any CPU.ActiveCfg = Release|Any CPU
		{4BA1757B-61F8-4D50-B538-A4C765778507}.Release|Any CPU.Build.0 = Release|Any CPU
	EndGlobalSection
	GlobalSection(SolutionProperties) = preSolution
		HideSolutionNode = FALSE
	EndGlobalSection
	GlobalSection(ExtensibilityGlobals) = postSolution
		SolutionGuid = {C8636A26-F8AE-439B-90D9-5CD5342DCEE5}
	EndGlobalSection
EndGlobal
